
Microsoft Visual Studio Solution File, Format Version 12.00
# Visual Studio Version 17
VisualStudioVersion = 17.11.35312.102
MinimumVisualStudioVersion = 10.0.40219.1
Project("{FAE04EC0-301F-11D3-BF4B-00C04F79EFBC}") = "filmHive.API", "filmHive.API\filmHive.API.csproj", "{088B6FF2-B0B9-4788-8D60-529B3824AD87}"
EndProject
Project("{FAE04EC0-301F-11D3-BF4B-00C04F79EFBC}") = "filmHive.Model", "filmHive.Model\filmHive.Model.csproj", "{BD374C64-2022-4001-944E-8672B5E832D2}"
EndProject
Project("{FAE04EC0-301F-11D3-BF4B-00C04F79EFBC}") = "filmHive.Services", "filmHive.Services\filmHive.Services.csproj", "{4CED510E-2AFB-4C75-9338-FF83C3C75784}"
EndProject
Global
	GlobalSection(SolutionConfigurationPlatforms) = preSolution
		Debug|Any CPU = Debug|Any CPU
		Release|Any CPU = Release|Any CPU
	EndGlobalSection
	GlobalSection(ProjectConfigurationPlatforms) = postSolution
		{088B6FF2-B0B9-4788-8D60-529B3824AD87}.Debug|Any CPU.ActiveCfg = Debug|Any CPU
		{088B6FF2-B0B9-4788-8D60-529B3824AD87}.Debug|Any CPU.Build.0 = Debug|Any CPU
		{088B6FF2-B0B9-4788-8D60-529B3824AD87}.Release|Any CPU.ActiveCfg = Release|Any CPU
		{088B6FF2-B0B9-4788-8D60-529B3824AD87}.Release|Any CPU.Build.0 = Release|Any CPU
		{BD374C64-2022-4001-944E-8672B5E832D2}.Debug|Any CPU.ActiveCfg = Debug|Any CPU
		{BD374C64-2022-4001-944E-8672B5E832D2}.Debug|Any CPU.Build.0 = Debug|Any CPU
		{BD374C64-2022-4001-944E-8672B5E832D2}.Release|Any CPU.ActiveCfg = Release|Any CPU
		{BD374C64-2022-4001-944E-8672B5E832D2}.Release|Any CPU.Build.0 = Release|Any CPU
		{4CED510E-2AFB-4C75-9338-FF83C3C75784}.Debug|Any CPU.ActiveCfg = Debug|Any CPU
		{4CED510E-2AFB-4C75-9338-FF83C3C75784}.Debug|Any CPU.Build.0 = Debug|Any CPU
		{4CED510E-2AFB-4C75-9338-FF83C3C75784}.Release|Any CPU.ActiveCfg = Release|Any CPU
		{4CED510E-2AFB-4C75-9338-FF83C3C75784}.Release|Any CPU.Build.0 = Release|Any CPU
	EndGlobalSection
	GlobalSection(SolutionProperties) = preSolution
		HideSolutionNode = FALSE
	EndGlobalSection
	GlobalSection(ExtensibilityGlobals) = postSolution
		SolutionGuid = {2FE9F8C8-5C64-4D78-A775-1F5783EA8BFD}
	EndGlobalSection
EndGlobal
